// !$*UTF8*$!
{
	archiveVersion = 1;
	classes = {
	};
	objectVersion = 46;
	objects = {

/* Begin PBXBuildFile section */
		2283312118D4B4CA006055AA /* Foundation.framework in Frameworks */ = {isa = PBXBuildFile; fileRef = 2283312018D4B4CA006055AA /* Foundation.framework */; };
		2283312318D4B4CA006055AA /* CoreGraphics.framework in Frameworks */ = {isa = PBXBuildFile; fileRef = 2283312218D4B4CA006055AA /* CoreGraphics.framework */; };
		2283312518D4B4CA006055AA /* UIKit.framework in Frameworks */ = {isa = PBXBuildFile; fileRef = 2283312418D4B4CA006055AA /* UIKit.framework */; };
		2283312B18D4B4CA006055AA /* InfoPlist.strings in Resources */ = {isa = PBXBuildFile; fileRef = 2283312918D4B4CA006055AA /* InfoPlist.strings */; };
		2283312D18D4B4CA006055AA /* main.m in Sources */ = {isa = PBXBuildFile; fileRef = 2283312C18D4B4CA006055AA /* main.m */; };
		2283313118D4B4CA006055AA /* CCAppDelegate.m in Sources */ = {isa = PBXBuildFile; fileRef = 2283313018D4B4CA006055AA /* CCAppDelegate.m */; };
		2283313418D4B4CA006055AA /* Main.storyboard in Resources */ = {isa = PBXBuildFile; fileRef = 2283313218D4B4CA006055AA /* Main.storyboard */; };
		2283313718D4B4CA006055AA /* CCViewController.m in Sources */ = {isa = PBXBuildFile; fileRef = 2283313618D4B4CA006055AA /* CCViewController.m */; };
		2283313918D4B4CA006055AA /* Images.xcassets in Resources */ = {isa = PBXBuildFile; fileRef = 2283313818D4B4CA006055AA /* Images.xcassets */; };
		2283314018D4B4CA006055AA /* XCTest.framework in Frameworks */ = {isa = PBXBuildFile; fileRef = 2283313F18D4B4CA006055AA /* XCTest.framework */; };
		2283314118D4B4CA006055AA /* Foundation.framework in Frameworks */ = {isa = PBXBuildFile; fileRef = 2283312018D4B4CA006055AA /* Foundation.framework */; };
		2283314218D4B4CA006055AA /* UIKit.framework in Frameworks */ = {isa = PBXBuildFile; fileRef = 2283312418D4B4CA006055AA /* UIKit.framework */; };
		2283314A18D4B4CA006055AA /* InfoPlist.strings in Resources */ = {isa = PBXBuildFile; fileRef = 2283314818D4B4CA006055AA /* InfoPlist.strings */; };
		2283314C18D4B4CB006055AA /* UITouchPassingViewExampleTests.m in Sources */ = {isa = PBXBuildFile; fileRef = 2283314B18D4B4CB006055AA /* UITouchPassingViewExampleTests.m */; };
		2283315718D4B4FF006055AA /* UITouchPassingView.m in Sources */ = {isa = PBXBuildFile; fileRef = 2283315618D4B4FF006055AA /* UITouchPassingView.m */; };
/* End PBXBuildFile section */

/* Begin PBXContainerItemProxy section */
		2283314318D4B4CA006055AA /* PBXContainerItemProxy */ = {
			isa = PBXContainerItemProxy;
			containerPortal = 2283311518D4B4C9006055AA /* Project object */;
			proxyType = 1;
			remoteGlobalIDString = 2283311C18D4B4CA006055AA;
			remoteInfo = UITouchPassingViewExample;
		};
/* End PBXContainerItemProxy section */

/* Begin PBXFileReference section */
		2283311D18D4B4CA006055AA /* UITouchPassingViewExample.app */ = {isa = PBXFileReference; explicitFileType = wrapper.application; includeInIndex = 0; path = UITouchPassingViewExample.app; sourceTree = BUILT_PRODUCTS_DIR; };
		2283312018D4B4CA006055AA /* Foundation.framework */ = {isa = PBXFileReference; lastKnownFileType = wrapper.framework; name = Foundation.framework; path = System/Library/Frameworks/Foundation.framework; sourceTree = SDKROOT; };
		2283312218D4B4CA006055AA /* CoreGraphics.framework */ = {isa = PBXFileReference; lastKnownFileType = wrapper.framework; name = CoreGraphics.framework; path = System/Library/Frameworks/CoreGraphics.framework; sourceTree = SDKROOT; };
		2283312418D4B4CA006055AA /* UIKit.framework */ = {isa = PBXFileReference; lastKnownFileType = wrapper.framework; name = UIKit.framework; path = System/Library/Frameworks/UIKit.framework; sourceTree = SDKROOT; };
		2283312818D4B4CA006055AA /* UITouchPassingViewExample-Info.plist */ = {isa = PBXFileReference; lastKnownFileType = text.plist.xml; path = "UITouchPassingViewExample-Info.plist"; sourceTree = "<group>"; };
		2283312A18D4B4CA006055AA /* en */ = {isa = PBXFileReference; lastKnownFileType = text.plist.strings; name = en; path = en.lproj/InfoPlist.strings; sourceTree = "<group>"; };
		2283312C18D4B4CA006055AA /* main.m */ = {isa = PBXFileReference; lastKnownFileType = sourcecode.c.objc; path = main.m; sourceTree = "<group>"; };
		2283312E18D4B4CA006055AA /* UITouchPassingViewExample-Prefix.pch */ = {isa = PBXFileReference; lastKnownFileType = sourcecode.c.h; path = "UITouchPassingViewExample-Prefix.pch"; sourceTree = "<group>"; };
		2283312F18D4B4CA006055AA /* CCAppDelegate.h */ = {isa = PBXFileReference; lastKnownFileType = sourcecode.c.h; path = CCAppDelegate.h; sourceTree = "<group>"; };
		2283313018D4B4CA006055AA /* CCAppDelegate.m */ = {isa = PBXFileReference; lastKnownFileType = sourcecode.c.objc; path = CCAppDelegate.m; sourceTree = "<group>"; };
		2283313318D4B4CA006055AA /* Base */ = {isa = PBXFileReference; lastKnownFileType = file.storyboard; name = Base; path = Base.lproj/Main.storyboard; sourceTree = "<group>"; };
		2283313518D4B4CA006055AA /* CCViewController.h */ = {isa = PBXFileReference; lastKnownFileType = sourcecode.c.h; path = CCViewController.h; sourceTree = "<group>"; };
		2283313618D4B4CA006055AA /* CCViewController.m */ = {isa = PBXFileReference; lastKnownFileType = sourcecode.c.objc; path = CCViewController.m; sourceTree = "<group>"; };
		2283313818D4B4CA006055AA /* Images.xcassets */ = {isa = PBXFileReference; lastKnownFileType = folder.assetcatalog; path = Images.xcassets; sourceTree = "<group>"; };
		2283313E18D4B4CA006055AA /* UITouchPassingViewExampleTests.xctest */ = {isa = PBXFileReference; explicitFileType = wrapper.cfbundle; includeInIndex = 0; path = UITouchPassingViewExampleTests.xctest; sourceTree = BUILT_PRODUCTS_DIR; };
		2283313F18D4B4CA006055AA /* XCTest.framework */ = {isa = PBXFileReference; lastKnownFileType = wrapper.framework; name = XCTest.framework; path = Library/Frameworks/XCTest.framework; sourceTree = DEVELOPER_DIR; };
		2283314718D4B4CA006055AA /* UITouchPassingViewExampleTests-Info.plist */ = {isa = PBXFileReference; lastKnownFileType = text.plist.xml; path = "UITouchPassingViewExampleTests-Info.plist"; sourceTree = "<group>"; };
		2283314918D4B4CA006055AA /* en */ = {isa = PBXFileReference; lastKnownFileType = text.plist.strings; name = en; path = en.lproj/InfoPlist.strings; sourceTree = "<group>"; };
		2283314B18D4B4CB006055AA /* UITouchPassingViewExampleTests.m */ = {isa = PBXFileReference; lastKnownFileType = sourcecode.c.objc; path = UITouchPassingViewExampleTests.m; sourceTree = "<group>"; };
		2283315518D4B4FF006055AA /* UITouchPassingView.h */ = {isa = PBXFileReference; fileEncoding = 4; lastKnownFileType = sourcecode.c.h; name = UITouchPassingView.h; path = ../../UITouchPassingView/UITouchPassingView.h; sourceTree = "<group>"; };
		2283315618D4B4FF006055AA /* UITouchPassingView.m */ = {isa = PBXFileReference; fileEncoding = 4; lastKnownFileType = sourcecode.c.objc; name = UITouchPassingView.m; path = ../../UITouchPassingView/UITouchPassingView.m; sourceTree = "<group>"; };
/* End PBXFileReference section */

/* Begin PBXFrameworksBuildPhase section */
		2283311A18D4B4CA006055AA /* Frameworks */ = {
			isa = PBXFrameworksBuildPhase;
			buildActionMask = 2147483647;
			files = (
				2283312318D4B4CA006055AA /* CoreGraphics.framework in Frameworks */,
				2283312518D4B4CA006055AA /* UIKit.framework in Frameworks */,
				2283312118D4B4CA006055AA /* Foundation.framework in Frameworks */,
			);
			runOnlyForDeploymentPostprocessing = 0;
		};
		2283313B18D4B4CA006055AA /* Frameworks */ = {
			isa = PBXFrameworksBuildPhase;
			buildActionMask = 2147483647;
			files = (
				2283314018D4B4CA006055AA /* XCTest.framework in Frameworks */,
				2283314218D4B4CA006055AA /* UIKit.framework in Frameworks */,
				2283314118D4B4CA006055AA /* Foundation.framework in Frameworks */,
			);
			runOnlyForDeploymentPostprocessing = 0;
		};
/* End PBXFrameworksBuildPhase section */

/* Begin PBXGroup section */
		2283311418D4B4C9006055AA = {
			isa = PBXGroup;
			children = (
				2283312618D4B4CA006055AA /* UITouchPassingViewExample */,
				2283314518D4B4CA006055AA /* UITouchPassingViewExampleTests */,
				2283311F18D4B4CA006055AA /* Frameworks */,
				2283311E18D4B4CA006055AA /* Products */,
			);
			sourceTree = "<group>";
		};
		2283311E18D4B4CA006055AA /* Products */ = {
			isa = PBXGroup;
			children = (
				2283311D18D4B4CA006055AA /* UITouchPassingViewExample.app */,
				2283313E18D4B4CA006055AA /* UITouchPassingViewExampleTests.xctest */,
			);
			name = Products;
			sourceTree = "<group>";
		};
		2283311F18D4B4CA006055AA /* Frameworks */ = {
			isa = PBXGroup;
			children = (
				2283312018D4B4CA006055AA /* Foundation.framework */,
				2283312218D4B4CA006055AA /* CoreGraphics.framework */,
				2283312418D4B4CA006055AA /* UIKit.framework */,
				2283313F18D4B4CA006055AA /* XCTest.framework */,
			);
			name = Frameworks;
			sourceTree = "<group>";
		};
		2283312618D4B4CA006055AA /* UITouchPassingViewExample */ = {
			isa = PBXGroup;
			children = (
				2283312F18D4B4CA006055AA /* CCAppDelegate.h */,
				2283313018D4B4CA006055AA /* CCAppDelegate.m */,
				2283313218D4B4CA006055AA /* Main.storyboard */,
				2283313518D4B4CA006055AA /* CCViewController.h */,
				2283313618D4B4CA006055AA /* CCViewController.m */,
				2283313818D4B4CA006055AA /* Images.xcassets */,
				2283312718D4B4CA006055AA /* Supporting Files */,
				2283315818D4B505006055AA /* UITouchPassingView */,
			);
			path = UITouchPassingViewExample;
			sourceTree = "<group>";
		};
		2283312718D4B4CA006055AA /* Supporting Files */ = {
			isa = PBXGroup;
			children = (
				2283312818D4B4CA006055AA /* UITouchPassingViewExample-Info.plist */,
				2283312918D4B4CA006055AA /* InfoPlist.strings */,
				2283312C18D4B4CA006055AA /* main.m */,
				2283312E18D4B4CA006055AA /* UITouchPassingViewExample-Prefix.pch */,
			);
			name = "Supporting Files";
			sourceTree = "<group>";
		};
		2283314518D4B4CA006055AA /* UITouchPassingViewExampleTests */ = {
			isa = PBXGroup;
			children = (
				2283314B18D4B4CB006055AA /* UITouchPassingViewExampleTests.m */,
				2283314618D4B4CA006055AA /* Supporting Files */,
			);
			path = UITouchPassingViewExampleTests;
			sourceTree = "<group>";
		};
		2283314618D4B4CA006055AA /* Supporting Files */ = {
			isa = PBXGroup;
			children = (
				2283314718D4B4CA006055AA /* UITouchPassingViewExampleTests-Info.plist */,
				2283314818D4B4CA006055AA /* InfoPlist.strings */,
			);
			name = "Supporting Files";
			sourceTree = "<group>";
		};
		2283315818D4B505006055AA /* UITouchPassingView */ = {
			isa = PBXGroup;
			children = (
				2283315518D4B4FF006055AA /* UITouchPassingView.h */,
				2283315618D4B4FF006055AA /* UITouchPassingView.m */,
			);
			name = UITouchPassingView;
			sourceTree = "<group>";
		};
/* End PBXGroup section */

/* Begin PBXNativeTarget section */
		2283311C18D4B4CA006055AA /* UITouchPassingViewExample */ = {
			isa = PBXNativeTarget;
			buildConfigurationList = 2283314F18D4B4CB006055AA /* Build configuration list for PBXNativeTarget "UITouchPassingViewExample" */;
			buildPhases = (
				2283311918D4B4CA006055AA /* Sources */,
				2283311A18D4B4CA006055AA /* Frameworks */,
				2283311B18D4B4CA006055AA /* Resources */,
			);
			buildRules = (
			);
			dependencies = (
			);
			name = UITouchPassingViewExample;
			productName = UITouchPassingViewExample;
			productReference = 2283311D18D4B4CA006055AA /* UITouchPassingViewExample.app */;
			productType = "com.apple.product-type.application";
		};
		2283313D18D4B4CA006055AA /* UITouchPassingViewExampleTests */ = {
			isa = PBXNativeTarget;
			buildConfigurationList = 2283315218D4B4CB006055AA /* Build configuration list for PBXNativeTarget "UITouchPassingViewExampleTests" */;
			buildPhases = (
				2283313A18D4B4CA006055AA /* Sources */,
				2283313B18D4B4CA006055AA /* Frameworks */,
				2283313C18D4B4CA006055AA /* Resources */,
			);
			buildRules = (
			);
			dependencies = (
				2283314418D4B4CA006055AA /* PBXTargetDependency */,
			);
			name = UITouchPassingViewExampleTests;
			productName = UITouchPassingViewExampleTests;
			productReference = 2283313E18D4B4CA006055AA /* UITouchPassingViewExampleTests.xctest */;
			productType = "com.apple.product-type.bundle.unit-test";
		};
/* End PBXNativeTarget section */

/* Begin PBXProject section */
		2283311518D4B4C9006055AA /* Project object */ = {
			isa = PBXProject;
			attributes = {
				CLASSPREFIX = CC;
				LastUpgradeCheck = 0500;
				ORGANIZATIONNAME = "Carlin Creations";
				TargetAttributes = {
					2283313D18D4B4CA006055AA = {
						TestTargetID = 2283311C18D4B4CA006055AA;
					};
				};
			};
			buildConfigurationList = 2283311818D4B4CA006055AA /* Build configuration list for PBXProject "UITouchPassingViewExample" */;
			compatibilityVersion = "Xcode 3.2";
			developmentRegion = English;
			hasScannedForEncodings = 0;
			knownRegions = (
				en,
				Base,
			);
			mainGroup = 2283311418D4B4C9006055AA;
			productRefGroup = 2283311E18D4B4CA006055AA /* Products */;
			projectDirPath = "";
			projectRoot = "";
			targets = (
				2283311C18D4B4CA006055AA /* UITouchPassingViewExample */,
				2283313D18D4B4CA006055AA /* UITouchPassingViewExampleTests */,
			);
		};
/* End PBXProject section */

/* Begin PBXResourcesBuildPhase section */
		2283311B18D4B4CA006055AA /* Resources */ = {
			isa = PBXResourcesBuildPhase;
			buildActionMask = 2147483647;
			files = (
				2283313918D4B4CA006055AA /* Images.xcassets in Resources */,
				2283312B18D4B4CA006055AA /* InfoPlist.strings in Resources */,
				2283313418D4B4CA006055AA /* Main.storyboard in Resources */,
			);
			runOnlyForDeploymentPostprocessing = 0;
		};
		2283313C18D4B4CA006055AA /* Resources */ = {
			isa = PBXResourcesBuildPhase;
			buildActionMask = 2147483647;
			files = (
				2283314A18D4B4CA006055AA /* InfoPlist.strings in Resources */,
			);
			runOnlyForDeploymentPostprocessing = 0;
		};
/* End PBXResourcesBuildPhase section */

/* Begin PBXSourcesBuildPhase section */
		2283311918D4B4CA006055AA /* Sources */ = {
			isa = PBXSourcesBuildPhase;
			buildActionMask = 2147483647;
			files = (
				2283315718D4B4FF006055AA /* UITouchPassingView.m in Sources */,
				2283313118D4B4CA006055AA /* CCAppDelegate.m in Sources */,
				2283312D18D4B4CA006055AA /* main.m in Sources */,
				2283313718D4B4CA006055AA /* CCViewController.m in Sources */,
			);
			runOnlyForDeploymentPostprocessing = 0;
		};
		2283313A18D4B4CA006055AA /* Sources */ = {
			isa = PBXSourcesBuildPhase;
			buildActionMask = 2147483647;
			files = (
				2283314C18D4B4CB006055AA /* UITouchPassingViewExampleTests.m in Sources */,
			);
			runOnlyForDeploymentPostprocessing = 0;
		};
/* End PBXSourcesBuildPhase section */

/* Begin PBXTargetDependency section */
		2283314418D4B4CA006055AA /* PBXTargetDependency */ = {
			isa = PBXTargetDependency;
			target = 2283311C18D4B4CA006055AA /* UITouchPassingViewExample */;
			targetProxy = 2283314318D4B4CA006055AA /* PBXContainerItemProxy */;
		};
/* End PBXTargetDependency section */

/* Begin PBXVariantGroup section */
		2283312918D4B4CA006055AA /* InfoPlist.strings */ = {
			isa = PBXVariantGroup;
			children = (
				2283312A18D4B4CA006055AA /* en */,
			);
			name = InfoPlist.strings;
			sourceTree = "<group>";
		};
		2283313218D4B4CA006055AA /* Main.storyboard */ = {
			isa = PBXVariantGroup;
			children = (
				2283313318D4B4CA006055AA /* Base */,
			);
			name = Main.storyboard;
			sourceTree = "<group>";
		};
		2283314818D4B4CA006055AA /* InfoPlist.strings */ = {
			isa = PBXVariantGroup;
			children = (
				2283314918D4B4CA006055AA /* en */,
			);
			name = InfoPlist.strings;
			sourceTree = "<group>";
		};
/* End PBXVariantGroup section */

/* Begin XCBuildConfiguration section */
		2283314D18D4B4CB006055AA /* Debug */ = {
			isa = XCBuildConfiguration;
			buildSettings = {
				ALWAYS_SEARCH_USER_PATHS = NO;
				ARCHS = "$(ARCHS_STANDARD_INCLUDING_64_BIT)";
				CLANG_CXX_LANGUAGE_STANDARD = "gnu++0x";
				CLANG_CXX_LIBRARY = "libc++";
				CLANG_ENABLE_MODULES = YES;
				CLANG_ENABLE_OBJC_ARC = YES;
				CLANG_WARN_BOOL_CONVERSION = YES;
				CLANG_WARN_CONSTANT_CONVERSION = YES;
				CLANG_WARN_DIRECT_OBJC_ISA_USAGE = YES_ERROR;
				CLANG_WARN_EMPTY_BODY = YES;
				CLANG_WARN_ENUM_CONVERSION = YES;
				CLANG_WARN_INT_CONVERSION = YES;
				CLANG_WARN_OBJC_ROOT_CLASS = YES_ERROR;
				CLANG_WARN__DUPLICATE_METHOD_MATCH = YES;
				"CODE_SIGN_IDENTITY[sdk=iphoneos*]" = "iPhone Developer";
				COPY_PHASE_STRIP = NO;
				GCC_C_LANGUAGE_STANDARD = gnu99;
				GCC_DYNAMIC_NO_PIC = NO;
				GCC_OPTIMIZATION_LEVEL = 0;
				GCC_PREPROCESSOR_DEFINITIONS = (
					"DEBUG=1",
					"$(inherited)",
				);
				GCC_SYMBOLS_PRIVATE_EXTERN = NO;
				GCC_WARN_64_TO_32_BIT_CONVERSION = YES;
				GCC_WARN_ABOUT_RETURN_TYPE = YES_ERROR;
				GCC_WARN_UNDECLARED_SELECTOR = YES;
				GCC_WARN_UNINITIALIZED_AUTOS = YES;
				GCC_WARN_UNUSED_FUNCTION = YES;
				GCC_WARN_UNUSED_VARIABLE = YES;
				IPHONEOS_DEPLOYMENT_TARGET = 7.0;
				ONLY_ACTIVE_ARCH = YES;
				SDKROOT = iphoneos;
			};
			name = Debug;
		};
		2283314E18D4B4CB006055AA /* Release */ = {
			isa = XCBuildConfiguration;
			buildSettings = {
				ALWAYS_SEARCH_USER_PATHS = NO;
				ARCHS = "$(ARCHS_STANDARD_INCLUDING_64_BIT)";
				CLANG_CXX_LANGUAGE_STANDARD = "gnu++0x";
				CLANG_CXX_LIBRARY = "libc++";
				CLANG_ENABLE_MODULES = YES;
				CLANG_ENABLE_OBJC_ARC = YES;
				CLANG_WARN_BOOL_CONVERSION = YES;
				CLANG_WARN_CONSTANT_CONVERSION = YES;
				CLANG_WARN_DIRECT_OBJC_ISA_USAGE = YES_ERROR;
				CLANG_WARN_EMPTY_BODY = YES;
				CLANG_WARN_ENUM_CONVERSION = YES;
				CLANG_WARN_INT_CONVERSION = YES;
				CLANG_WARN_OBJC_ROOT_CLASS = YES_ERROR;
				CLANG_WARN__DUPLICATE_METHOD_MATCH = YES;
				"CODE_SIGN_IDENTITY[sdk=iphoneos*]" = "iPhone Developer";
				COPY_PHASE_STRIP = YES;
				ENABLE_NS_ASSERTIONS = NO;
				GCC_C_LANGUAGE_STANDARD = gnu99;
				GCC_WARN_64_TO_32_BIT_CONVERSION = YES;
				GCC_WARN_ABOUT_RETURN_TYPE = YES_ERROR;
				GCC_WARN_UNDECLARED_SELECTOR = YES;
				GCC_WARN_UNINITIALIZED_AUTOS = YES;
				GCC_WARN_UNUSED_FUNCTION = YES;
				GCC_WARN_UNUSED_VARIABLE = YES;
				IPHONEOS_DEPLOYMENT_TARGET = 7.0;
				SDKROOT = iphoneos;
				VALIDATE_PRODUCT = YES;
			};
			name = Release;
		};
		2283315018D4B4CB006055AA /* Debug */ = {
			isa = XCBuildConfiguration;
			buildSettings = {
				ASSETCATALOG_COMPILER_APPICON_NAME = AppIcon;
				ASSETCATALOG_COMPILER_LAUNCHIMAGE_NAME = LaunchImage;
				GCC_PRECOMPILE_PREFIX_HEADER = YES;
				GCC_PREFIX_HEADER = "UITouchPassingViewExample/UITouchPassingViewExample-Prefix.pch";
				INFOPLIST_FILE = "UITouchPassingViewExample/UITouchPassingViewExample-Info.plist";
				PRODUCT_NAME = "$(TARGET_NAME)";
				WRAPPER_EXTENSION = app;
			};
			name = Debug;
		};
		2283315118D4B4CB006055AA /* Release */ = {
			isa = XCBuildConfiguration;
			buildSettings = {
				ASSETCATALOG_COMPILER_APPICON_NAME = AppIcon;
				ASSETCATALOG_COMPILER_LAUNCHIMAGE_NAME = LaunchImage;
				GCC_PRECOMPILE_PREFIX_HEADER = YES;
				GCC_PREFIX_HEADER = "UITouchPassingViewExample/UITouchPassingViewExample-Prefix.pch";
				INFOPLIST_FILE = "UITouchPassingViewExample/UITouchPassingViewExample-Info.plist";
				PRODUCT_NAME = "$(TARGET_NAME)";
				WRAPPER_EXTENSION = app;
			};
			name = Release;
		};
		2283315318D4B4CB006055AA /* Debug */ = {
			isa = XCBuildConfiguration;
			buildSettings = {
				ARCHS = "$(ARCHS_STANDARD_INCLUDING_64_BIT)";
				BUNDLE_LOADER = "$(BUILT_PRODUCTS_DIR)/UITouchPassingViewExample.app/UITouchPassingViewExample";
				FRAMEWORK_SEARCH_PATHS = (
					"$(SDKROOT)/Developer/Library/Frameworks",
					"$(inherited)",
					"$(DEVELOPER_FRAMEWORKS_DIR)",
				);
				GCC_PRECOMPILE_PREFIX_HEADER = YES;
				GCC_PREFIX_HEADER = "UITouchPassingViewExample/UITouchPassingViewExample-Prefix.pch";
				GCC_PREPROCESSOR_DEFINITIONS = (
					"DEBUG=1",
					"$(inherited)",
				);
				INFOPLIST_FILE = "UITouchPassingViewExampleTests/UITouchPassingViewExampleTests-Info.plist";
				PRODUCT_NAME = "$(TARGET_NAME)";
				TEST_HOST = "$(BUNDLE_LOADER)";
				WRAPPER_EXTENSION = xctest;
			};
			name = Debug;
		};
		2283315418D4B4CB006055AA /* Release */ = {
			isa = XCBuildConfiguration;
			buildSettings = {
				ARCHS = "$(ARCHS_STANDARD_INCLUDING_64_BIT)";
				BUNDLE_LOADER = "$(BUILT_PRODUCTS_DIR)/UITouchPassingViewExample.app/UITouchPassingViewExample";
				FRAMEWORK_SEARCH_PATHS = (
					"$(SDKROOT)/Developer/Library/Frameworks",
					"$(inherited)",
					"$(DEVELOPER_FRAMEWORKS_DIR)",
				);
				GCC_PRECOMPILE_PREFIX_HEADER = YES;
				GCC_PREFIX_HEADER = "UITouchPassingViewExample/UITouchPassingViewExample-Prefix.pch";
				INFOPLIST_FILE = "UITouchPassingViewExampleTests/UITouchPassingViewExampleTests-Info.plist";
				PRODUCT_NAME = "$(TARGET_NAME)";
				TEST_HOST = "$(BUNDLE_LOADER)";
				WRAPPER_EXTENSION = xctest;
			};
			name = Release;
		};
/* End XCBuildConfiguration section */

/* Begin XCConfigurationList section */
		2283311818D4B4CA006055AA /* Build configuration list for PBXProject "UITouchPassingViewExample" */ = {
			isa = XCConfigurationList;
			buildConfigurations = (
				2283314D18D4B4CB006055AA /* Debug */,
				2283314E18D4B4CB006055AA /* Release */,
			);
			defaultConfigurationIsVisible = 0;
			defaultConfigurationName = Release;
		};
		2283314F18D4B4CB006055AA /* Build configuration list for PBXNativeTarget "UITouchPassingViewExample" */ = {
			isa = XCConfigurationList;
			buildConfigurations = (
				2283315018D4B4CB006055AA /* Debug */,
				2283315118D4B4CB006055AA /* Release */,
			);
			defaultConfigurationIsVisible = 0;
		};
		2283315218D4B4CB006055AA /* Build configuration list for PBXNativeTarget "UITouchPassingViewExampleTests" */ = {
			isa = XCConfigurationList;
			buildConfigurations = (
				2283315318D4B4CB006055AA /* Debug */,
				2283315418D4B4CB006055AA /* Release */,
			);
			defaultConfigurationIsVisible = 0;
		};
/* End XCConfigurationList section */
	};
	rootObject = 2283311518D4B4C9006055AA /* Project object */;
}
